
Microsoft Visual Studio Solution File, Format Version 12.00
# Visual Studio Version 17
VisualStudioVersion = 17.1.32210.238
MinimumVisualStudioVersion = 10.0.40219.1
Project("{2150E333-8FDC-42A3-9474-1A3956D46DE8}") = "Services", "Services", "{7087FBA0-9115-4EA1-A0FB-CCD40687E068}"
EndProject
Project("{2150E333-8FDC-42A3-9474-1A3956D46DE8}") = "Catalog", "Catalog", "{3ADE42C3-D80D-47EE-AC70-3C448DC2769D}"
EndProject
Project("{2150E333-8FDC-42A3-9474-1A3956D46DE8}") = "Basket", "Basket", "{21D41DA7-1080-4067-BEBC-E9EA3C8CB07D}"
EndProject
Project("{2150E333-8FDC-42A3-9474-1A3956D46DE8}") = "Chat", "Chat", "{887CA565-3093-4878-9BD1-9BEFC15F9B67}"
EndProject
Project("{9A19103F-16F7-4668-BE54-9A1E7A4F7556}") = "Basket.API", "src\Services\Basket\Basket.API\Basket.API.csproj", "{21B1FC51-7668-46FA-954F-5D571F7D6D91}"
EndProject
Project("{9A19103F-16F7-4668-BE54-9A1E7A4F7556}") = "Catalog.API", "src\Services\Catalog\Catalog.API\Catalog.API.csproj", "{958ED838-0B17-457B-BEDE-5DFCEE83AE67}"
EndProject
Project("{9A19103F-16F7-4668-BE54-9A1E7A4F7556}") = "Chat.API", "src\Services\Chat\Chat.API\Chat.API.csproj", "{A7CC1BBF-CFEB-410F-9FF4-4B1483BE5562}"
EndProject
Project("{E53339B2-1760-4266-BCC7-CA923CBCF16C}") = "docker-compose", "docker-compose.dcproj", "{394F5C26-BF8E-4AF2-9F06-F112B5F1AA8D}"
EndProject
Project("{2150E333-8FDC-42A3-9474-1A3956D46DE8}") = "Discount", "Discount", "{E37F36D9-3877-45DC-9BD0-4D4CF814B33A}"
EndProject
Project("{9A19103F-16F7-4668-BE54-9A1E7A4F7556}") = "Discount.API", "src\Services\Discount\Discount.API\Discount.API.csproj", "{A4B34678-01E1-492E-8E1F-5D5F588F7A78}"
EndProject
Project("{9A19103F-16F7-4668-BE54-9A1E7A4F7556}") = "Discount.Grpc", "src\Services\Discount\Discount.Grpc\Discount.Grpc.csproj", "{537DCD81-FD27-48DC-8261-C0CDE6DFD08F}"
EndProject
Project("{2150E333-8FDC-42A3-9474-1A3956D46DE8}") = "Ordering", "Ordering", "{8BB10DAD-1D5F-4378-8B0F-944E7F136F8A}"
EndProject
Project("{9A19103F-16F7-4668-BE54-9A1E7A4F7556}") = "Ordering.API", "src\Services\Ordering\Ordering.API\Ordering.API.csproj", "{5D2557D5-35CF-4686-8ADE-013D88A45534}"
EndProject
Project("{9A19103F-16F7-4668-BE54-9A1E7A4F7556}") = "Ordering.Application", "src\Services\Ordering\Ordering.Application\Ordering.Application.csproj", "{1E24CB1D-9EC1-48E0-9077-2933468F700C}"
EndProject
Project("{9A19103F-16F7-4668-BE54-9A1E7A4F7556}") = "Ordering.Infrastructure", "src\Services\Ordering\Ordering.Infrastructure\Ordering.Infrastructure.csproj", "{B82948DB-8871-4039-A6CD-8D25863DD693}"
EndProject
Project("{9A19103F-16F7-4668-BE54-9A1E7A4F7556}") = "Ordering.Domain", "src\Services\Ordering\Ordering.Domain\Ordering.Domain.csproj", "{A266A3D9-77E2-4F07-8306-0D9555A7EE5C}"
EndProject
Project("{2150E333-8FDC-42A3-9474-1A3956D46DE8}") = "BuildingBlocks", "BuildingBlocks", "{4429BEDF-6179-4478-8024-8EA346878547}"
EndProject
Project("{FAE04EC0-301F-11D3-BF4B-00C04F79EFBC}") = "EventBus.Messages", "src\BuildingBlocks\EventBus.Messages\EventBus.Messages.csproj", "{36F237F6-7433-4243-9F19-8C1E3DFB0C57}"
EndProject
Global
	GlobalSection(SolutionConfigurationPlatforms) = preSolution
		Debug|Any CPU = Debug|Any CPU
		Release|Any CPU = Release|Any CPU
	EndGlobalSection
	GlobalSection(ProjectConfigurationPlatforms) = postSolution
		{21B1FC51-7668-46FA-954F-5D571F7D6D91}.Debug|Any CPU.ActiveCfg = Debug|Any CPU
		{21B1FC51-7668-46FA-954F-5D571F7D6D91}.Debug|Any CPU.Build.0 = Debug|Any CPU
		{21B1FC51-7668-46FA-954F-5D571F7D6D91}.Release|Any CPU.ActiveCfg = Release|Any CPU
		{21B1FC51-7668-46FA-954F-5D571F7D6D91}.Release|Any CPU.Build.0 = Release|Any CPU
		{958ED838-0B17-457B-BEDE-5DFCEE83AE67}.Debug|Any CPU.ActiveCfg = Debug|Any CPU
		{958ED838-0B17-457B-BEDE-5DFCEE83AE67}.Debug|Any CPU.Build.0 = Debug|Any CPU
		{958ED838-0B17-457B-BEDE-5DFCEE83AE67}.Release|Any CPU.ActiveCfg = Release|Any CPU
		{958ED838-0B17-457B-BEDE-5DFCEE83AE67}.Release|Any CPU.Build.0 = Release|Any CPU
		{A7CC1BBF-CFEB-410F-9FF4-4B1483BE5562}.Debug|Any CPU.ActiveCfg = Debug|Any CPU
		{A7CC1BBF-CFEB-410F-9FF4-4B1483BE5562}.Debug|Any CPU.Build.0 = Debug|Any CPU
		{A7CC1BBF-CFEB-410F-9FF4-4B1483BE5562}.Release|Any CPU.ActiveCfg = Release|Any CPU
		{A7CC1BBF-CFEB-410F-9FF4-4B1483BE5562}.Release|Any CPU.Build.0 = Release|Any CPU
		{394F5C26-BF8E-4AF2-9F06-F112B5F1AA8D}.Debug|Any CPU.ActiveCfg = Debug|Any CPU
		{394F5C26-BF8E-4AF2-9F06-F112B5F1AA8D}.Debug|Any CPU.Build.0 = Debug|Any CPU
		{394F5C26-BF8E-4AF2-9F06-F112B5F1AA8D}.Release|Any CPU.ActiveCfg = Release|Any CPU
		{394F5C26-BF8E-4AF2-9F06-F112B5F1AA8D}.Release|Any CPU.Build.0 = Release|Any CPU
		{A4B34678-01E1-492E-8E1F-5D5F588F7A78}.Debug|Any CPU.ActiveCfg = Debug|Any CPU
		{A4B34678-01E1-492E-8E1F-5D5F588F7A78}.Debug|Any CPU.Build.0 = Debug|Any CPU
		{A4B34678-01E1-492E-8E1F-5D5F588F7A78}.Release|Any CPU.ActiveCfg = Release|Any CPU
		{A4B34678-01E1-492E-8E1F-5D5F588F7A78}.Release|Any CPU.Build.0 = Release|Any CPU
		{537DCD81-FD27-48DC-8261-C0CDE6DFD08F}.Debug|Any CPU.ActiveCfg = Debug|Any CPU
		{537DCD81-FD27-48DC-8261-C0CDE6DFD08F}.Debug|Any CPU.Build.0 = Debug|Any CPU
		{537DCD81-FD27-48DC-8261-C0CDE6DFD08F}.Release|Any CPU.ActiveCfg = Release|Any CPU
		{537DCD81-FD27-48DC-8261-C0CDE6DFD08F}.Release|Any CPU.Build.0 = Release|Any CPU
		{5D2557D5-35CF-4686-8ADE-013D88A45534}.Debug|Any CPU.ActiveCfg = Debug|Any CPU
		{5D2557D5-35CF-4686-8ADE-013D88A45534}.Debug|Any CPU.Build.0 = Debug|Any CPU
		{5D2557D5-35CF-4686-8ADE-013D88A45534}.Release|Any CPU.ActiveCfg = Release|Any CPU
		{5D2557D5-35CF-4686-8ADE-013D88A45534}.Release|Any CPU.Build.0 = Release|Any CPU
		{1E24CB1D-9EC1-48E0-9077-2933468F700C}.Debug|Any CPU.ActiveCfg = Debug|Any CPU
		{1E24CB1D-9EC1-48E0-9077-2933468F700C}.Debug|Any CPU.Build.0 = Debug|Any CPU
		{1E24CB1D-9EC1-48E0-9077-2933468F700C}.Release|Any CPU.ActiveCfg = Release|Any CPU
		{1E24CB1D-9EC1-48E0-9077-2933468F700C}.Release|Any CPU.Build.0 = Release|Any CPU
		{B82948DB-8871-4039-A6CD-8D25863DD693}.Debug|Any CPU.ActiveCfg = Debug|Any CPU
		{B82948DB-8871-4039-A6CD-8D25863DD693}.Debug|Any CPU.Build.0 = Debug|Any CPU
		{B82948DB-8871-4039-A6CD-8D25863DD693}.Release|Any CPU.ActiveCfg = Release|Any CPU
		{B82948DB-8871-4039-A6CD-8D25863DD693}.Release|Any CPU.Build.0 = Release|Any CPU
		{A266A3D9-77E2-4F07-8306-0D9555A7EE5C}.Debug|Any CPU.ActiveCfg = Debug|Any CPU
		{A266A3D9-77E2-4F07-8306-0D9555A7EE5C}.Debug|Any CPU.Build.0 = Debug|Any CPU
		{A266A3D9-77E2-4F07-8306-0D9555A7EE5C}.Release|Any CPU.ActiveCfg = Release|Any CPU
		{A266A3D9-77E2-4F07-8306-0D9555A7EE5C}.Release|Any CPU.Build.0 = Release|Any CPU
		{36F237F6-7433-4243-9F19-8C1E3DFB0C57}.Debug|Any CPU.ActiveCfg = Debug|Any CPU
		{36F237F6-7433-4243-9F19-8C1E3DFB0C57}.Debug|Any CPU.Build.0 = Debug|Any CPU
		{36F237F6-7433-4243-9F19-8C1E3DFB0C57}.Release|Any CPU.ActiveCfg = Release|Any CPU
		{36F237F6-7433-4243-9F19-8C1E3DFB0C57}.Release|Any CPU.Build.0 = Release|Any CPU
	EndGlobalSection
	GlobalSection(SolutionProperties) = preSolution
		HideSolutionNode = FALSE
	EndGlobalSection
	GlobalSection(NestedProjects) = preSolution
		{3ADE42C3-D80D-47EE-AC70-3C448DC2769D} = {7087FBA0-9115-4EA1-A0FB-CCD40687E068}
		{21D41DA7-1080-4067-BEBC-E9EA3C8CB07D} = {7087FBA0-9115-4EA1-A0FB-CCD40687E068}
		{887CA565-3093-4878-9BD1-9BEFC15F9B67} = {7087FBA0-9115-4EA1-A0FB-CCD40687E068}
		{21B1FC51-7668-46FA-954F-5D571F7D6D91} = {21D41DA7-1080-4067-BEBC-E9EA3C8CB07D}
		{958ED838-0B17-457B-BEDE-5DFCEE83AE67} = {3ADE42C3-D80D-47EE-AC70-3C448DC2769D}
		{A7CC1BBF-CFEB-410F-9FF4-4B1483BE5562} = {887CA565-3093-4878-9BD1-9BEFC15F9B67}
		{E37F36D9-3877-45DC-9BD0-4D4CF814B33A} = {7087FBA0-9115-4EA1-A0FB-CCD40687E068}
		{A4B34678-01E1-492E-8E1F-5D5F588F7A78} = {E37F36D9-3877-45DC-9BD0-4D4CF814B33A}
		{537DCD81-FD27-48DC-8261-C0CDE6DFD08F} = {E37F36D9-3877-45DC-9BD0-4D4CF814B33A}
		{8BB10DAD-1D5F-4378-8B0F-944E7F136F8A} = {7087FBA0-9115-4EA1-A0FB-CCD40687E068}
		{5D2557D5-35CF-4686-8ADE-013D88A45534} = {8BB10DAD-1D5F-4378-8B0F-944E7F136F8A}
		{1E24CB1D-9EC1-48E0-9077-2933468F700C} = {8BB10DAD-1D5F-4378-8B0F-944E7F136F8A}
		{B82948DB-8871-4039-A6CD-8D25863DD693} = {8BB10DAD-1D5F-4378-8B0F-944E7F136F8A}
		{A266A3D9-77E2-4F07-8306-0D9555A7EE5C} = {8BB10DAD-1D5F-4378-8B0F-944E7F136F8A}
		{36F237F6-7433-4243-9F19-8C1E3DFB0C57} = {4429BEDF-6179-4478-8024-8EA346878547}
	EndGlobalSection
	GlobalSection(ExtensibilityGlobals) = postSolution
		SolutionGuid = {9C30EAC8-54F5-44B6-AC36-05E5B5EDA88F}
	EndGlobalSection
EndGlobal
